
Microsoft Visual Studio Solution File, Format Version 12.00
# Visual Studio 14
VisualStudioVersion = 14.0.25420.1
MinimumVisualStudioVersion = 10.0.40219.1
Project("{FAE04EC0-301F-11D3-BF4B-00C04F79EFBC}") = "TrainingManagementSystemSS", "TrainingManagementSystemSS\TrainingManagementSystemSS.csproj", "{F661B898-32DE-45F1-9DE5-825F39D7987D}"
EndProject
Project("{FAE04EC0-301F-11D3-BF4B-00C04F79EFBC}") = "TrainingManagementSystemDal", "TrainingManagementSystemDal\TrainingManagementSystemDal.csproj", "{131C300A-08CA-4BD9-B282-E994047ED4C3}"
EndProject
Project("{FAE04EC0-301F-11D3-BF4B-00C04F79EFBC}") = "TrainingManagementSystemBl", "TrainingManagementSystemBl\TrainingManagementSystemBl.csproj", "{F8951FE5-42F1-4466-9862-0A3DD3A2CCE2}"
EndProject
Global
	GlobalSection(SolutionConfigurationPlatforms) = preSolution
		Debug|Any CPU = Debug|Any CPU
		Release|Any CPU = Release|Any CPU
	EndGlobalSection
	GlobalSection(ProjectConfigurationPlatforms) = postSolution
		{F661B898-32DE-45F1-9DE5-825F39D7987D}.Debug|Any CPU.ActiveCfg = Debug|Any CPU
		{F661B898-32DE-45F1-9DE5-825F39D7987D}.Debug|Any CPU.Build.0 = Debug|Any CPU
		{F661B898-32DE-45F1-9DE5-825F39D7987D}.Release|Any CPU.ActiveCfg = Release|Any CPU
		{F661B898-32DE-45F1-9DE5-825F39D7987D}.Release|Any CPU.Build.0 = Release|Any CPU
		{131C300A-08CA-4BD9-B282-E994047ED4C3}.Debug|Any CPU.ActiveCfg = Debug|Any CPU
		{131C300A-08CA-4BD9-B282-E994047ED4C3}.Debug|Any CPU.Build.0 = Debug|Any CPU
		{131C300A-08CA-4BD9-B282-E994047ED4C3}.Release|Any CPU.ActiveCfg = Release|Any CPU
		{131C300A-08CA-4BD9-B282-E994047ED4C3}.Release|Any CPU.Build.0 = Release|Any CPU
		{F8951FE5-42F1-4466-9862-0A3DD3A2CCE2}.Debug|Any CPU.ActiveCfg = Debug|Any CPU
		{F8951FE5-42F1-4466-9862-0A3DD3A2CCE2}.Debug|Any CPU.Build.0 = Debug|Any CPU
		{F8951FE5-42F1-4466-9862-0A3DD3A2CCE2}.Release|Any CPU.ActiveCfg = Release|Any CPU
		{F8951FE5-42F1-4466-9862-0A3DD3A2CCE2}.Release|Any CPU.Build.0 = Release|Any CPU
	EndGlobalSection
	GlobalSection(SolutionProperties) = preSolution
		HideSolutionNode = FALSE
	EndGlobalSection
EndGlobal
